// !$*UTF8*$!
{
	archiveVersion = 1;
	classes = {
	};
	objectVersion = 56;
	objects = {

/* Begin PBXBuildFile section */
		B13F0A632BED3DD4002BC8D2 /* AppDelegate.swift in Sources */ = {isa = PBXBuildFile; fileRef = B13F0A622BED3DD4002BC8D2 /* AppDelegate.swift */; };
		B13F0A652BED3DD4002BC8D2 /* SceneDelegate.swift in Sources */ = {isa = PBXBuildFile; fileRef = B13F0A642BED3DD4002BC8D2 /* SceneDelegate.swift */; };
		B13F0A672BED3DD4002BC8D2 /* MainTabBarViewController.swift in Sources */ = {isa = PBXBuildFile; fileRef = B13F0A662BED3DD4002BC8D2 /* MainTabBarViewController.swift */; };
		B13F0A6C2BED3DD8002BC8D2 /* Assets.xcassets in Resources */ = {isa = PBXBuildFile; fileRef = B13F0A6B2BED3DD8002BC8D2 /* Assets.xcassets */; };
		B13F0A6F2BED3DD8002BC8D2 /* LaunchScreen.storyboard in Resources */ = {isa = PBXBuildFile; fileRef = B13F0A6D2BED3DD8002BC8D2 /* LaunchScreen.storyboard */; };
		B13F0A782BED4407002BC8D2 /* HomeViewController.swift in Sources */ = {isa = PBXBuildFile; fileRef = B13F0A772BED4407002BC8D2 /* HomeViewController.swift */; };
		B13F0A7A2BED446C002BC8D2 /* UpcommingViewController.swift in Sources */ = {isa = PBXBuildFile; fileRef = B13F0A792BED446C002BC8D2 /* UpcommingViewController.swift */; };
		B13F0A7C2BED44AA002BC8D2 /* SearchViewController.swift in Sources */ = {isa = PBXBuildFile; fileRef = B13F0A7B2BED44AA002BC8D2 /* SearchViewController.swift */; };
		B13F0A7E2BED44E9002BC8D2 /* DownloadsViewController.swift in Sources */ = {isa = PBXBuildFile; fileRef = B13F0A7D2BED44E9002BC8D2 /* DownloadsViewController.swift */; };
		B13F0A852BED4B9C002BC8D2 /* CollectionViewTableViewCell.swift in Sources */ = {isa = PBXBuildFile; fileRef = B13F0A842BED4B9C002BC8D2 /* CollectionViewTableViewCell.swift */; };
		B13F0A872BF0E240002BC8D2 /* HeroHeaderUIView.swift in Sources */ = {isa = PBXBuildFile; fileRef = B13F0A862BF0E240002BC8D2 /* HeroHeaderUIView.swift */; };
		B13F0A892BF107AF002BC8D2 /* APICaller.swift in Sources */ = {isa = PBXBuildFile; fileRef = B13F0A882BF107AF002BC8D2 /* APICaller.swift */; };
		B13F0A8B2BF10B48002BC8D2 /* Title.swift in Sources */ = {isa = PBXBuildFile; fileRef = B13F0A8A2BF10B48002BC8D2 /* Title.swift */; };
		B13F0A8D2BF10EE3002BC8D2 /* Extensions.swift in Sources */ = {isa = PBXBuildFile; fileRef = B13F0A8C2BF10EE3002BC8D2 /* Extensions.swift */; };
		B13F0A8F2BF1105F002BC8D2 /* Constants.swift in Sources */ = {isa = PBXBuildFile; fileRef = B13F0A8E2BF1105F002BC8D2 /* Constants.swift */; };
		B13F0A932BF113C9002BC8D2 /* TitleCollectionViewCell.swift in Sources */ = {isa = PBXBuildFile; fileRef = B13F0A922BF113C9002BC8D2 /* TitleCollectionViewCell.swift */; };
		B13F0A962BF11574002BC8D2 /* SDWebImage in Frameworks */ = {isa = PBXBuildFile; productRef = B13F0A952BF11574002BC8D2 /* SDWebImage */; };
		B13F0A982BF11574002BC8D2 /* SDWebImageMapKit in Frameworks */ = {isa = PBXBuildFile; productRef = B13F0A972BF11574002BC8D2 /* SDWebImageMapKit */; };
/* End PBXBuildFile section */

/* Begin PBXFileReference section */
		B13F0A5F2BED3DD4002BC8D2 /* Netflix.app */ = {isa = PBXFileReference; explicitFileType = wrapper.application; includeInIndex = 0; path = Netflix.app; sourceTree = BUILT_PRODUCTS_DIR; };
		B13F0A622BED3DD4002BC8D2 /* AppDelegate.swift */ = {isa = PBXFileReference; lastKnownFileType = sourcecode.swift; path = AppDelegate.swift; sourceTree = "<group>"; };
		B13F0A642BED3DD4002BC8D2 /* SceneDelegate.swift */ = {isa = PBXFileReference; lastKnownFileType = sourcecode.swift; path = SceneDelegate.swift; sourceTree = "<group>"; };
		B13F0A662BED3DD4002BC8D2 /* MainTabBarViewController.swift */ = {isa = PBXFileReference; lastKnownFileType = sourcecode.swift; path = MainTabBarViewController.swift; sourceTree = "<group>"; };
		B13F0A6B2BED3DD8002BC8D2 /* Assets.xcassets */ = {isa = PBXFileReference; lastKnownFileType = folder.assetcatalog; path = Assets.xcassets; sourceTree = "<group>"; };
		B13F0A6E2BED3DD8002BC8D2 /* Base */ = {isa = PBXFileReference; lastKnownFileType = file.storyboard; name = Base; path = Base.lproj/LaunchScreen.storyboard; sourceTree = "<group>"; };
		B13F0A702BED3DD8002BC8D2 /* Info.plist */ = {isa = PBXFileReference; lastKnownFileType = text.plist.xml; path = Info.plist; sourceTree = "<group>"; };
		B13F0A772BED4407002BC8D2 /* HomeViewController.swift */ = {isa = PBXFileReference; lastKnownFileType = sourcecode.swift; path = HomeViewController.swift; sourceTree = "<group>"; };
		B13F0A792BED446C002BC8D2 /* UpcommingViewController.swift */ = {isa = PBXFileReference; lastKnownFileType = sourcecode.swift; path = UpcommingViewController.swift; sourceTree = "<group>"; };
		B13F0A7B2BED44AA002BC8D2 /* SearchViewController.swift */ = {isa = PBXFileReference; lastKnownFileType = sourcecode.swift; path = SearchViewController.swift; sourceTree = "<group>"; };
		B13F0A7D2BED44E9002BC8D2 /* DownloadsViewController.swift */ = {isa = PBXFileReference; lastKnownFileType = sourcecode.swift; path = DownloadsViewController.swift; sourceTree = "<group>"; };
		B13F0A842BED4B9C002BC8D2 /* CollectionViewTableViewCell.swift */ = {isa = PBXFileReference; lastKnownFileType = sourcecode.swift; path = CollectionViewTableViewCell.swift; sourceTree = "<group>"; };
		B13F0A862BF0E240002BC8D2 /* HeroHeaderUIView.swift */ = {isa = PBXFileReference; lastKnownFileType = sourcecode.swift; path = HeroHeaderUIView.swift; sourceTree = "<group>"; };
		B13F0A882BF107AF002BC8D2 /* APICaller.swift */ = {isa = PBXFileReference; lastKnownFileType = sourcecode.swift; path = APICaller.swift; sourceTree = "<group>"; };
		B13F0A8A2BF10B48002BC8D2 /* Title.swift */ = {isa = PBXFileReference; lastKnownFileType = sourcecode.swift; path = Title.swift; sourceTree = "<group>"; };
		B13F0A8C2BF10EE3002BC8D2 /* Extensions.swift */ = {isa = PBXFileReference; lastKnownFileType = sourcecode.swift; path = Extensions.swift; sourceTree = "<group>"; };
		B13F0A8E2BF1105F002BC8D2 /* Constants.swift */ = {isa = PBXFileReference; lastKnownFileType = sourcecode.swift; path = Constants.swift; sourceTree = "<group>"; };
		B13F0A922BF113C9002BC8D2 /* TitleCollectionViewCell.swift */ = {isa = PBXFileReference; lastKnownFileType = sourcecode.swift; path = TitleCollectionViewCell.swift; sourceTree = "<group>"; };
/* End PBXFileReference section */

/* Begin PBXFrameworksBuildPhase section */
		B13F0A5C2BED3DD4002BC8D2 /* Frameworks */ = {
			isa = PBXFrameworksBuildPhase;
			buildActionMask = 2147483647;
			files = (
				B13F0A982BF11574002BC8D2 /* SDWebImageMapKit in Frameworks */,
				B13F0A962BF11574002BC8D2 /* SDWebImage in Frameworks */,
			);
			runOnlyForDeploymentPostprocessing = 0;
		};
/* End PBXFrameworksBuildPhase section */

/* Begin PBXGroup section */
		B13F0A562BED3DD4002BC8D2 = {
			isa = PBXGroup;
			children = (
				B13F0A612BED3DD4002BC8D2 /* Netflix */,
				B13F0A602BED3DD4002BC8D2 /* Products */,
			);
			sourceTree = "<group>";
		};
		B13F0A602BED3DD4002BC8D2 /* Products */ = {
			isa = PBXGroup;
			children = (
				B13F0A5F2BED3DD4002BC8D2 /* Netflix.app */,
			);
			name = Products;
			sourceTree = "<group>";
		};
		B13F0A612BED3DD4002BC8D2 /* Netflix */ = {
			isa = PBXGroup;
			children = (
				B13F0A662BED3DD4002BC8D2 /* MainTabBarViewController.swift */,
				B13F0A832BED4B4D002BC8D2 /* Managers */,
				B13F0A822BED4B40002BC8D2 /* Resources */,
				B13F0A812BED4B21002BC8D2 /* Models */,
				B13F0A802BED4B17002BC8D2 /* ViewModels */,
				B13F0A7F2BED4B11002BC8D2 /* Views */,
				B13F0A762BED43C7002BC8D2 /* Controllers */,
				B13F0A622BED3DD4002BC8D2 /* AppDelegate.swift */,
				B13F0A642BED3DD4002BC8D2 /* SceneDelegate.swift */,
				B13F0A6B2BED3DD8002BC8D2 /* Assets.xcassets */,
				B13F0A6D2BED3DD8002BC8D2 /* LaunchScreen.storyboard */,
				B13F0A702BED3DD8002BC8D2 /* Info.plist */,
			);
			path = Netflix;
			sourceTree = "<group>";
		};
		B13F0A762BED43C7002BC8D2 /* Controllers */ = {
			isa = PBXGroup;
			children = (
				B13F0A772BED4407002BC8D2 /* HomeViewController.swift */,
				B13F0A792BED446C002BC8D2 /* UpcommingViewController.swift */,
				B13F0A7B2BED44AA002BC8D2 /* SearchViewController.swift */,
				B13F0A7D2BED44E9002BC8D2 /* DownloadsViewController.swift */,
			);
			path = Controllers;
			sourceTree = "<group>";
		};
		B13F0A7F2BED4B11002BC8D2 /* Views */ = {
			isa = PBXGroup;
			children = (
				B13F0A842BED4B9C002BC8D2 /* CollectionViewTableViewCell.swift */,
				B13F0A862BF0E240002BC8D2 /* HeroHeaderUIView.swift */,
				B13F0A922BF113C9002BC8D2 /* TitleCollectionViewCell.swift */,
			);
			path = Views;
			sourceTree = "<group>";
		};
		B13F0A802BED4B17002BC8D2 /* ViewModels */ = {
			isa = PBXGroup;
			children = (
			);
			path = ViewModels;
			sourceTree = "<group>";
		};
		B13F0A812BED4B21002BC8D2 /* Models */ = {
			isa = PBXGroup;
			children = (
				B13F0A8A2BF10B48002BC8D2 /* Title.swift */,
			);
			path = Models;
			sourceTree = "<group>";
		};
		B13F0A822BED4B40002BC8D2 /* Resources */ = {
			isa = PBXGroup;
			children = (
				B13F0A8C2BF10EE3002BC8D2 /* Extensions.swift */,
			);
			path = Resources;
			sourceTree = "<group>";
		};
		B13F0A832BED4B4D002BC8D2 /* Managers */ = {
			isa = PBXGroup;
			children = (
				B13F0A882BF107AF002BC8D2 /* APICaller.swift */,
				B13F0A8E2BF1105F002BC8D2 /* Constants.swift */,
			);
			path = Managers;
			sourceTree = "<group>";
		};
/* End PBXGroup section */

/* Begin PBXNativeTarget section */
		B13F0A5E2BED3DD4002BC8D2 /* Netflix */ = {
			isa = PBXNativeTarget;
			buildConfigurationList = B13F0A732BED3DD8002BC8D2 /* Build configuration list for PBXNativeTarget "Netflix" */;
			buildPhases = (
				B13F0A5B2BED3DD4002BC8D2 /* Sources */,
				B13F0A5C2BED3DD4002BC8D2 /* Frameworks */,
				B13F0A5D2BED3DD4002BC8D2 /* Resources */,
			);
			buildRules = (
			);
			dependencies = (
			);
			name = Netflix;
			packageProductDependencies = (
				B13F0A952BF11574002BC8D2 /* SDWebImage */,
				B13F0A972BF11574002BC8D2 /* SDWebImageMapKit */,
			);
			productName = Netflix;
			productReference = B13F0A5F2BED3DD4002BC8D2 /* Netflix.app */;
			productType = "com.apple.product-type.application";
		};
/* End PBXNativeTarget section */

/* Begin PBXProject section */
		B13F0A572BED3DD4002BC8D2 /* Project object */ = {
			isa = PBXProject;
			attributes = {
				BuildIndependentTargetsInParallel = 1;
				LastSwiftUpdateCheck = 1520;
				LastUpgradeCheck = 1520;
				TargetAttributes = {
					B13F0A5E2BED3DD4002BC8D2 = {
						CreatedOnToolsVersion = 15.2;
					};
				};
			};
			buildConfigurationList = B13F0A5A2BED3DD4002BC8D2 /* Build configuration list for PBXProject "Netflix" */;
			compatibilityVersion = "Xcode 14.0";
			developmentRegion = en;
			hasScannedForEncodings = 0;
			knownRegions = (
				en,
				Base,
			);
			mainGroup = B13F0A562BED3DD4002BC8D2;
			packageReferences = (
				B13F0A942BF11574002BC8D2 /* XCRemoteSwiftPackageReference "SDWebImage" */,
			);
			productRefGroup = B13F0A602BED3DD4002BC8D2 /* Products */;
			projectDirPath = "";
			projectRoot = "";
			targets = (
				B13F0A5E2BED3DD4002BC8D2 /* Netflix */,
			);
		};
/* End PBXProject section */

/* Begin PBXResourcesBuildPhase section */
		B13F0A5D2BED3DD4002BC8D2 /* Resources */ = {
			isa = PBXResourcesBuildPhase;
			buildActionMask = 2147483647;
			files = (
				B13F0A6F2BED3DD8002BC8D2 /* LaunchScreen.storyboard in Resources */,
				B13F0A6C2BED3DD8002BC8D2 /* Assets.xcassets in Resources */,
			);
			runOnlyForDeploymentPostprocessing = 0;
		};
/* End PBXResourcesBuildPhase section */

/* Begin PBXSourcesBuildPhase section */
		B13F0A5B2BED3DD4002BC8D2 /* Sources */ = {
			isa = PBXSourcesBuildPhase;
			buildActionMask = 2147483647;
			files = (
				B13F0A7C2BED44AA002BC8D2 /* SearchViewController.swift in Sources */,
				B13F0A672BED3DD4002BC8D2 /* MainTabBarViewController.swift in Sources */,
				B13F0A852BED4B9C002BC8D2 /* CollectionViewTableViewCell.swift in Sources */,
				B13F0A892BF107AF002BC8D2 /* APICaller.swift in Sources */,
				B13F0A872BF0E240002BC8D2 /* HeroHeaderUIView.swift in Sources */,
				B13F0A7E2BED44E9002BC8D2 /* DownloadsViewController.swift in Sources */,
				B13F0A632BED3DD4002BC8D2 /* AppDelegate.swift in Sources */,
				B13F0A932BF113C9002BC8D2 /* TitleCollectionViewCell.swift in Sources */,
				B13F0A8D2BF10EE3002BC8D2 /* Extensions.swift in Sources */,
				B13F0A7A2BED446C002BC8D2 /* UpcommingViewController.swift in Sources */,
				B13F0A8F2BF1105F002BC8D2 /* Constants.swift in Sources */,
				B13F0A652BED3DD4002BC8D2 /* SceneDelegate.swift in Sources */,
				B13F0A8B2BF10B48002BC8D2 /* Title.swift in Sources */,
				B13F0A782BED4407002BC8D2 /* HomeViewController.swift in Sources */,
			);
			runOnlyForDeploymentPostprocessing = 0;
		};
/* End PBXSourcesBuildPhase section */

/* Begin PBXVariantGroup section */
		B13F0A6D2BED3DD8002BC8D2 /* LaunchScreen.storyboard */ = {
			isa = PBXVariantGroup;
			children = (
				B13F0A6E2BED3DD8002BC8D2 /* Base */,
			);
			name = LaunchScreen.storyboard;
			sourceTree = "<group>";
		};
/* End PBXVariantGroup section */

/* Begin XCBuildConfiguration section */
		B13F0A712BED3DD8002BC8D2 /* Debug */ = {
			isa = XCBuildConfiguration;
			buildSettings = {
				ALWAYS_SEARCH_USER_PATHS = NO;
				ASSETCATALOG_COMPILER_GENERATE_SWIFT_ASSET_SYMBOL_EXTENSIONS = YES;
				CLANG_ANALYZER_NONNULL = YES;
				CLANG_ANALYZER_NUMBER_OBJECT_CONVERSION = YES_AGGRESSIVE;
				CLANG_CXX_LANGUAGE_STANDARD = "gnu++20";
				CLANG_ENABLE_MODULES = YES;
				CLANG_ENABLE_OBJC_ARC = YES;
				CLANG_ENABLE_OBJC_WEAK = YES;
				CLANG_WARN_BLOCK_CAPTURE_AUTORELEASING = YES;
				CLANG_WARN_BOOL_CONVERSION = YES;
				CLANG_WARN_COMMA = YES;
				CLANG_WARN_CONSTANT_CONVERSION = YES;
				CLANG_WARN_DEPRECATED_OBJC_IMPLEMENTATIONS = YES;
				CLANG_WARN_DIRECT_OBJC_ISA_USAGE = YES_ERROR;
				CLANG_WARN_DOCUMENTATION_COMMENTS = YES;
				CLANG_WARN_EMPTY_BODY = YES;
				CLANG_WARN_ENUM_CONVERSION = YES;
				CLANG_WARN_INFINITE_RECURSION = YES;
				CLANG_WARN_INT_CONVERSION = YES;
				CLANG_WARN_NON_LITERAL_NULL_CONVERSION = YES;
				CLANG_WARN_OBJC_IMPLICIT_RETAIN_SELF = YES;
				CLANG_WARN_OBJC_LITERAL_CONVERSION = YES;
				CLANG_WARN_OBJC_ROOT_CLASS = YES_ERROR;
				CLANG_WARN_QUOTED_INCLUDE_IN_FRAMEWORK_HEADER = YES;
				CLANG_WARN_RANGE_LOOP_ANALYSIS = YES;
				CLANG_WARN_STRICT_PROTOTYPES = YES;
				CLANG_WARN_SUSPICIOUS_MOVE = YES;
				CLANG_WARN_UNGUARDED_AVAILABILITY = YES_AGGRESSIVE;
				CLANG_WARN_UNREACHABLE_CODE = YES;
				CLANG_WARN__DUPLICATE_METHOD_MATCH = YES;
				COPY_PHASE_STRIP = NO;
				DEBUG_INFORMATION_FORMAT = dwarf;
				ENABLE_STRICT_OBJC_MSGSEND = YES;
				ENABLE_TESTABILITY = YES;
				ENABLE_USER_SCRIPT_SANDBOXING = YES;
				GCC_C_LANGUAGE_STANDARD = gnu17;
				GCC_DYNAMIC_NO_PIC = NO;
				GCC_NO_COMMON_BLOCKS = YES;
				GCC_OPTIMIZATION_LEVEL = 0;
				GCC_PREPROCESSOR_DEFINITIONS = (
					"DEBUG=1",
					"$(inherited)",
				);
				GCC_WARN_64_TO_32_BIT_CONVERSION = YES;
				GCC_WARN_ABOUT_RETURN_TYPE = YES_ERROR;
				GCC_WARN_UNDECLARED_SELECTOR = YES;
				GCC_WARN_UNINITIALIZED_AUTOS = YES_AGGRESSIVE;
				GCC_WARN_UNUSED_FUNCTION = YES;
				GCC_WARN_UNUSED_VARIABLE = YES;
				IPHONEOS_DEPLOYMENT_TARGET = 17.2;
				LOCALIZATION_PREFERS_STRING_CATALOGS = YES;
				MTL_ENABLE_DEBUG_INFO = INCLUDE_SOURCE;
				MTL_FAST_MATH = YES;
				ONLY_ACTIVE_ARCH = YES;
				SDKROOT = iphoneos;
				SWIFT_ACTIVE_COMPILATION_CONDITIONS = "DEBUG $(inherited)";
				SWIFT_OPTIMIZATION_LEVEL = "-Onone";
			};
			name = Debug;
		};
		B13F0A722BED3DD8002BC8D2 /* Release */ = {
			isa = XCBuildConfiguration;
			buildSettings = {
				ALWAYS_SEARCH_USER_PATHS = NO;
				ASSETCATALOG_COMPILER_GENERATE_SWIFT_ASSET_SYMBOL_EXTENSIONS = YES;
				CLANG_ANALYZER_NONNULL = YES;
				CLANG_ANALYZER_NUMBER_OBJECT_CONVERSION = YES_AGGRESSIVE;
				CLANG_CXX_LANGUAGE_STANDARD = "gnu++20";
				CLANG_ENABLE_MODULES = YES;
				CLANG_ENABLE_OBJC_ARC = YES;
				CLANG_ENABLE_OBJC_WEAK = YES;
				CLANG_WARN_BLOCK_CAPTURE_AUTORELEASING = YES;
				CLANG_WARN_BOOL_CONVERSION = YES;
				CLANG_WARN_COMMA = YES;
				CLANG_WARN_CONSTANT_CONVERSION = YES;
				CLANG_WARN_DEPRECATED_OBJC_IMPLEMENTATIONS = YES;
				CLANG_WARN_DIRECT_OBJC_ISA_USAGE = YES_ERROR;
				CLANG_WARN_DOCUMENTATION_COMMENTS = YES;
				CLANG_WARN_EMPTY_BODY = YES;
				CLANG_WARN_ENUM_CONVERSION = YES;
				CLANG_WARN_INFINITE_RECURSION = YES;
				CLANG_WARN_INT_CONVERSION = YES;
				CLANG_WARN_NON_LITERAL_NULL_CONVERSION = YES;
				CLANG_WARN_OBJC_IMPLICIT_RETAIN_SELF = YES;
				CLANG_WARN_OBJC_LITERAL_CONVERSION = YES;
				CLANG_WARN_OBJC_ROOT_CLASS = YES_ERROR;
				CLANG_WARN_QUOTED_INCLUDE_IN_FRAMEWORK_HEADER = YES;
				CLANG_WARN_RANGE_LOOP_ANALYSIS = YES;
				CLANG_WARN_STRICT_PROTOTYPES = YES;
				CLANG_WARN_SUSPICIOUS_MOVE = YES;
				CLANG_WARN_UNGUARDED_AVAILABILITY = YES_AGGRESSIVE;
				CLANG_WARN_UNREACHABLE_CODE = YES;
				CLANG_WARN__DUPLICATE_METHOD_MATCH = YES;
				COPY_PHASE_STRIP = NO;
				DEBUG_INFORMATION_FORMAT = "dwarf-with-dsym";
				ENABLE_NS_ASSERTIONS = NO;
				ENABLE_STRICT_OBJC_MSGSEND = YES;
				ENABLE_USER_SCRIPT_SANDBOXING = YES;
				GCC_C_LANGUAGE_STANDARD = gnu17;
				GCC_NO_COMMON_BLOCKS = YES;
				GCC_WARN_64_TO_32_BIT_CONVERSION = YES;
				GCC_WARN_ABOUT_RETURN_TYPE = YES_ERROR;
				GCC_WARN_UNDECLARED_SELECTOR = YES;
				GCC_WARN_UNINITIALIZED_AUTOS = YES_AGGRESSIVE;
				GCC_WARN_UNUSED_FUNCTION = YES;
				GCC_WARN_UNUSED_VARIABLE = YES;
				IPHONEOS_DEPLOYMENT_TARGET = 17.2;
				LOCALIZATION_PREFERS_STRING_CATALOGS = YES;
				MTL_ENABLE_DEBUG_INFO = NO;
				MTL_FAST_MATH = YES;
				SDKROOT = iphoneos;
				SWIFT_COMPILATION_MODE = wholemodule;
				VALIDATE_PRODUCT = YES;
			};
			name = Release;
		};
		B13F0A742BED3DD8002BC8D2 /* Debug */ = {
			isa = XCBuildConfiguration;
			buildSettings = {
				ASSETCATALOG_COMPILER_APPICON_NAME = AppIcon;
				ASSETCATALOG_COMPILER_GLOBAL_ACCENT_COLOR_NAME = AccentColor;
				CODE_SIGN_STYLE = Automatic;
				CURRENT_PROJECT_VERSION = 1;
				DEVELOPMENT_TEAM = A8L5QZ969G;
				GENERATE_INFOPLIST_FILE = YES;
				INFOPLIST_FILE = Netflix/Info.plist;
				INFOPLIST_KEY_UIApplicationSupportsIndirectInputEvents = YES;
				INFOPLIST_KEY_UILaunchStoryboardName = LaunchScreen;
				INFOPLIST_KEY_UISupportedInterfaceOrientations_iPad = "UIInterfaceOrientationPortrait UIInterfaceOrientationPortraitUpsideDown UIInterfaceOrientationLandscapeLeft UIInterfaceOrientationLandscapeRight";
				INFOPLIST_KEY_UISupportedInterfaceOrientations_iPhone = "UIInterfaceOrientationPortrait UIInterfaceOrientationLandscapeLeft UIInterfaceOrientationLandscapeRight";
				LD_RUNPATH_SEARCH_PATHS = (
					"$(inherited)",
					"@executable_path/Frameworks",
				);
				MARKETING_VERSION = 1.0;
				PRODUCT_BUNDLE_IDENTIFIER = com.thanky.Netflix;
				PRODUCT_NAME = "$(TARGET_NAME)";
				SWIFT_EMIT_LOC_STRINGS = YES;
				SWIFT_VERSION = 5.0;
				TARGETED_DEVICE_FAMILY = "1,2";
			};
			name = Debug;
		};
		B13F0A752BED3DD8002BC8D2 /* Release */ = {
			isa = XCBuildConfiguration;
			buildSettings = {
				ASSETCATALOG_COMPILER_APPICON_NAME = AppIcon;
				ASSETCATALOG_COMPILER_GLOBAL_ACCENT_COLOR_NAME = AccentColor;
				CODE_SIGN_STYLE = Automatic;
				CURRENT_PROJECT_VERSION = 1;
				DEVELOPMENT_TEAM = A8L5QZ969G;
				GENERATE_INFOPLIST_FILE = YES;
				INFOPLIST_FILE = Netflix/Info.plist;
				INFOPLIST_KEY_UIApplicationSupportsIndirectInputEvents = YES;
				INFOPLIST_KEY_UILaunchStoryboardName = LaunchScreen;
				INFOPLIST_KEY_UISupportedInterfaceOrientations_iPad = "UIInterfaceOrientationPortrait UIInterfaceOrientationPortraitUpsideDown UIInterfaceOrientationLandscapeLeft UIInterfaceOrientationLandscapeRight";
				INFOPLIST_KEY_UISupportedInterfaceOrientations_iPhone = "UIInterfaceOrientationPortrait UIInterfaceOrientationLandscapeLeft UIInterfaceOrientationLandscapeRight";
				LD_RUNPATH_SEARCH_PATHS = (
					"$(inherited)",
					"@executable_path/Frameworks",
				);
				MARKETING_VERSION = 1.0;
				PRODUCT_BUNDLE_IDENTIFIER = com.thanky.Netflix;
				PRODUCT_NAME = "$(TARGET_NAME)";
				SWIFT_EMIT_LOC_STRINGS = YES;
				SWIFT_VERSION = 5.0;
				TARGETED_DEVICE_FAMILY = "1,2";
			};
			name = Release;
		};
/* End XCBuildConfiguration section */

/* Begin XCConfigurationList section */
		B13F0A5A2BED3DD4002BC8D2 /* Build configuration list for PBXProject "Netflix" */ = {
			isa = XCConfigurationList;
			buildConfigurations = (
				B13F0A712BED3DD8002BC8D2 /* Debug */,
				B13F0A722BED3DD8002BC8D2 /* Release */,
			);
			defaultConfigurationIsVisible = 0;
			defaultConfigurationName = Release;
		};
		B13F0A732BED3DD8002BC8D2 /* Build configuration list for PBXNativeTarget "Netflix" */ = {
			isa = XCConfigurationList;
			buildConfigurations = (
				B13F0A742BED3DD8002BC8D2 /* Debug */,
				B13F0A752BED3DD8002BC8D2 /* Release */,
			);
			defaultConfigurationIsVisible = 0;
			defaultConfigurationName = Release;
		};
/* End XCConfigurationList section */

/* Begin XCRemoteSwiftPackageReference section */
		B13F0A942BF11574002BC8D2 /* XCRemoteSwiftPackageReference "SDWebImage" */ = {
			isa = XCRemoteSwiftPackageReference;
			repositoryURL = "https://github.com/SDWebImage/SDWebImage.git";
			requirement = {
				kind = upToNextMajorVersion;
				minimumVersion = 5.19.2;
			};
		};
/* End XCRemoteSwiftPackageReference section */

/* Begin XCSwiftPackageProductDependency section */
		B13F0A952BF11574002BC8D2 /* SDWebImage */ = {
			isa = XCSwiftPackageProductDependency;
			package = B13F0A942BF11574002BC8D2 /* XCRemoteSwiftPackageReference "SDWebImage" */;
			productName = SDWebImage;
		};
		B13F0A972BF11574002BC8D2 /* SDWebImageMapKit */ = {
			isa = XCSwiftPackageProductDependency;
			package = B13F0A942BF11574002BC8D2 /* XCRemoteSwiftPackageReference "SDWebImage" */;
			productName = SDWebImageMapKit;
		};
/* End XCSwiftPackageProductDependency section */
	};
	rootObject = B13F0A572BED3DD4002BC8D2 /* Project object */;
}
