// !$*UTF8*$!
{
	archiveVersion = 1;
	classes = {
	};
	objectVersion = 56;
	objects = {

/* Begin PBXBuildFile section */
		63AC6BAE2BEAE8F0004EC50C /* AppDelegate.swift in Sources */ = {isa = PBXBuildFile; fileRef = 63AC6BAD2BEAE8F0004EC50C /* AppDelegate.swift */; };
		63AC6BB02BEAE8F0004EC50C /* SceneDelegate.swift in Sources */ = {isa = PBXBuildFile; fileRef = 63AC6BAF2BEAE8F0004EC50C /* SceneDelegate.swift */; };
		63AC6BB22BEAE8F0004EC50C /* WeatherViewController.swift in Sources */ = {isa = PBXBuildFile; fileRef = 63AC6BB12BEAE8F0004EC50C /* WeatherViewController.swift */; };
		63AC6BB72BEAE8F2004EC50C /* Assets.xcassets in Resources */ = {isa = PBXBuildFile; fileRef = 63AC6BB62BEAE8F2004EC50C /* Assets.xcassets */; };
		63AC6BBA2BEAE8F2004EC50C /* LaunchScreen.storyboard in Resources */ = {isa = PBXBuildFile; fileRef = 63AC6BB82BEAE8F2004EC50C /* LaunchScreen.storyboard */; };
		63AC6BCB2BF08E63004EC50C /* SnapKit in Frameworks */ = {isa = PBXBuildFile; productRef = 63AC6BCA2BF08E63004EC50C /* SnapKit */; };
		63AC6BCD2BF08E63004EC50C /* SnapKit-Dynamic in Frameworks */ = {isa = PBXBuildFile; productRef = 63AC6BCC2BF08E63004EC50C /* SnapKit-Dynamic */; };
		63AC6BCF2BF08E8E004EC50C /* WeatherViewCell.swift in Sources */ = {isa = PBXBuildFile; fileRef = 63AC6BCE2BF08E8E004EC50C /* WeatherViewCell.swift */; };
		63AC6BD32BF08F2A004EC50C /* Temper.swift in Sources */ = {isa = PBXBuildFile; fileRef = 63AC6BD22BF08F2A004EC50C /* Temper.swift */; };
		63AC6BD72BF09044004EC50C /* Update.swift in Sources */ = {isa = PBXBuildFile; fileRef = 63AC6BD62BF09044004EC50C /* Update.swift */; };
		63AC6BE02BF3F8E4004EC50C /* WeatherViewControllerImp.swift in Sources */ = {isa = PBXBuildFile; fileRef = 63AC6BDF2BF3F8E4004EC50C /* WeatherViewControllerImp.swift */; };
/* End PBXBuildFile section */

/* Begin PBXFileReference section */
		63AC6BAA2BEAE8F0004EC50C /* week4_ciu.app */ = {isa = PBXFileReference; explicitFileType = wrapper.application; includeInIndex = 0; path = week4_ciu.app; sourceTree = BUILT_PRODUCTS_DIR; };
		63AC6BAD2BEAE8F0004EC50C /* AppDelegate.swift */ = {isa = PBXFileReference; lastKnownFileType = sourcecode.swift; path = AppDelegate.swift; sourceTree = "<group>"; };
		63AC6BAF2BEAE8F0004EC50C /* SceneDelegate.swift */ = {isa = PBXFileReference; lastKnownFileType = sourcecode.swift; path = SceneDelegate.swift; sourceTree = "<group>"; };
		63AC6BB12BEAE8F0004EC50C /* WeatherViewController.swift */ = {isa = PBXFileReference; lastKnownFileType = sourcecode.swift; path = WeatherViewController.swift; sourceTree = "<group>"; };
		63AC6BB62BEAE8F2004EC50C /* Assets.xcassets */ = {isa = PBXFileReference; lastKnownFileType = folder.assetcatalog; path = Assets.xcassets; sourceTree = "<group>"; };
		63AC6BB92BEAE8F2004EC50C /* Base */ = {isa = PBXFileReference; lastKnownFileType = file.storyboard; name = Base; path = Base.lproj/LaunchScreen.storyboard; sourceTree = "<group>"; };
		63AC6BBB2BEAE8F2004EC50C /* Info.plist */ = {isa = PBXFileReference; lastKnownFileType = text.plist.xml; path = Info.plist; sourceTree = "<group>"; };
		63AC6BCE2BF08E8E004EC50C /* WeatherViewCell.swift */ = {isa = PBXFileReference; lastKnownFileType = sourcecode.swift; path = WeatherViewCell.swift; sourceTree = "<group>"; };
		63AC6BD22BF08F2A004EC50C /* Temper.swift */ = {isa = PBXFileReference; lastKnownFileType = sourcecode.swift; path = Temper.swift; sourceTree = "<group>"; };
		63AC6BD62BF09044004EC50C /* Update.swift */ = {isa = PBXFileReference; lastKnownFileType = sourcecode.swift; path = Update.swift; sourceTree = "<group>"; };
		63AC6BDF2BF3F8E4004EC50C /* WeatherViewControllerImp.swift */ = {isa = PBXFileReference; lastKnownFileType = sourcecode.swift; path = WeatherViewControllerImp.swift; sourceTree = "<group>"; };
/* End PBXFileReference section */

/* Begin PBXFrameworksBuildPhase section */
		63AC6BA72BEAE8F0004EC50C /* Frameworks */ = {
			isa = PBXFrameworksBuildPhase;
			buildActionMask = 2147483647;
			files = (
				63AC6BCB2BF08E63004EC50C /* SnapKit in Frameworks */,
				63AC6BCD2BF08E63004EC50C /* SnapKit-Dynamic in Frameworks */,
			);
			runOnlyForDeploymentPostprocessing = 0;
		};
/* End PBXFrameworksBuildPhase section */

/* Begin PBXGroup section */
		63AC6BA12BEAE8F0004EC50C = {
			isa = PBXGroup;
			children = (
				63AC6BAC2BEAE8F0004EC50C /* week4_ciu */,
				63AC6BAB2BEAE8F0004EC50C /* Products */,
			);
			sourceTree = "<group>";
		};
		63AC6BAB2BEAE8F0004EC50C /* Products */ = {
			isa = PBXGroup;
			children = (
				63AC6BAA2BEAE8F0004EC50C /* week4_ciu.app */,
			);
			name = Products;
			sourceTree = "<group>";
		};
		63AC6BAC2BEAE8F0004EC50C /* week4_ciu */ = {
			isa = PBXGroup;
			children = (
				63AC6BAD2BEAE8F0004EC50C /* AppDelegate.swift */,
				63AC6BAF2BEAE8F0004EC50C /* SceneDelegate.swift */,
				63AC6BD02BF08EC1004EC50C /* View */,
				63AC6BDE2BF3F8D1004EC50C /* Helpers */,
				63AC6BD12BF08F1D004EC50C /* Model */,
				63AC6BB62BEAE8F2004EC50C /* Assets.xcassets */,
				63AC6BB82BEAE8F2004EC50C /* LaunchScreen.storyboard */,
				63AC6BBB2BEAE8F2004EC50C /* Info.plist */,
			);
			path = week4_ciu;
			sourceTree = "<group>";
		};
		63AC6BD02BF08EC1004EC50C /* View */ = {
			isa = PBXGroup;
			children = (
				63AC6BB12BEAE8F0004EC50C /* WeatherViewController.swift */,
				63AC6BCE2BF08E8E004EC50C /* WeatherViewCell.swift */,
			);
			path = View;
			sourceTree = "<group>";
		};
		63AC6BD12BF08F1D004EC50C /* Model */ = {
			isa = PBXGroup;
			children = (
				63AC6BD22BF08F2A004EC50C /* Temper.swift */,
				63AC6BD62BF09044004EC50C /* Update.swift */,
			);
			path = Model;
			sourceTree = "<group>";
		};
		63AC6BDE2BF3F8D1004EC50C /* Helpers */ = {
			isa = PBXGroup;
			children = (
				63AC6BDF2BF3F8E4004EC50C /* WeatherViewControllerImp.swift */,
			);
			path = Helpers;
			sourceTree = "<group>";
		};
/* End PBXGroup section */

/* Begin PBXNativeTarget section */
		63AC6BA92BEAE8F0004EC50C /* week4_ciu */ = {
			isa = PBXNativeTarget;
			buildConfigurationList = 63AC6BBE2BEAE8F2004EC50C /* Build configuration list for PBXNativeTarget "week4_ciu" */;
			buildPhases = (
				63AC6BA62BEAE8F0004EC50C /* Sources */,
				63AC6BA72BEAE8F0004EC50C /* Frameworks */,
				63AC6BA82BEAE8F0004EC50C /* Resources */,
			);
			buildRules = (
			);
			dependencies = (
			);
			name = week4_ciu;
			packageProductDependencies = (
				63AC6BCA2BF08E63004EC50C /* SnapKit */,
				63AC6BCC2BF08E63004EC50C /* SnapKit-Dynamic */,
			);
			productName = week4_ciu;
			productReference = 63AC6BAA2BEAE8F0004EC50C /* week4_ciu.app */;
			productType = "com.apple.product-type.application";
		};
/* End PBXNativeTarget section */

/* Begin PBXProject section */
		63AC6BA22BEAE8F0004EC50C /* Project object */ = {
			isa = PBXProject;
			attributes = {
				BuildIndependentTargetsInParallel = 1;
				LastSwiftUpdateCheck = 1520;
				LastUpgradeCheck = 1520;
				TargetAttributes = {
					63AC6BA92BEAE8F0004EC50C = {
						CreatedOnToolsVersion = 15.2;
					};
				};
			};
			buildConfigurationList = 63AC6BA52BEAE8F0004EC50C /* Build configuration list for PBXProject "week4_ciu" */;
			compatibilityVersion = "Xcode 14.0";
			developmentRegion = en;
			hasScannedForEncodings = 0;
			knownRegions = (
				en,
				Base,
			);
			mainGroup = 63AC6BA12BEAE8F0004EC50C;
			packageReferences = (
				63AC6BC92BF08E63004EC50C /* XCRemoteSwiftPackageReference "SnapKit" */,
			);
			productRefGroup = 63AC6BAB2BEAE8F0004EC50C /* Products */;
			projectDirPath = "";
			projectRoot = "";
			targets = (
				63AC6BA92BEAE8F0004EC50C /* week4_ciu */,
			);
		};
/* End PBXProject section */

/* Begin PBXResourcesBuildPhase section */
		63AC6BA82BEAE8F0004EC50C /* Resources */ = {
			isa = PBXResourcesBuildPhase;
			buildActionMask = 2147483647;
			files = (
				63AC6BBA2BEAE8F2004EC50C /* LaunchScreen.storyboard in Resources */,
				63AC6BB72BEAE8F2004EC50C /* Assets.xcassets in Resources */,
			);
			runOnlyForDeploymentPostprocessing = 0;
		};
/* End PBXResourcesBuildPhase section */

/* Begin PBXSourcesBuildPhase section */
		63AC6BA62BEAE8F0004EC50C /* Sources */ = {
			isa = PBXSourcesBuildPhase;
			buildActionMask = 2147483647;
			files = (
				63AC6BE02BF3F8E4004EC50C /* WeatherViewControllerImp.swift in Sources */,
				63AC6BD72BF09044004EC50C /* Update.swift in Sources */,
				63AC6BB22BEAE8F0004EC50C /* WeatherViewController.swift in Sources */,
				63AC6BD32BF08F2A004EC50C /* Temper.swift in Sources */,
				63AC6BAE2BEAE8F0004EC50C /* AppDelegate.swift in Sources */,
				63AC6BB02BEAE8F0004EC50C /* SceneDelegate.swift in Sources */,
				63AC6BCF2BF08E8E004EC50C /* WeatherViewCell.swift in Sources */,
			);
			runOnlyForDeploymentPostprocessing = 0;
		};
/* End PBXSourcesBuildPhase section */

/* Begin PBXVariantGroup section */
		63AC6BB82BEAE8F2004EC50C /* LaunchScreen.storyboard */ = {
			isa = PBXVariantGroup;
			children = (
				63AC6BB92BEAE8F2004EC50C /* Base */,
			);
			name = LaunchScreen.storyboard;
			sourceTree = "<group>";
		};
/* End PBXVariantGroup section */

/* Begin XCBuildConfiguration section */
		63AC6BBC2BEAE8F2004EC50C /* Debug */ = {
			isa = XCBuildConfiguration;
			buildSettings = {
				ALWAYS_SEARCH_USER_PATHS = NO;
				ASSETCATALOG_COMPILER_GENERATE_SWIFT_ASSET_SYMBOL_EXTENSIONS = YES;
				CLANG_ANALYZER_NONNULL = YES;
				CLANG_ANALYZER_NUMBER_OBJECT_CONVERSION = YES_AGGRESSIVE;
				CLANG_CXX_LANGUAGE_STANDARD = "gnu++20";
				CLANG_ENABLE_MODULES = YES;
				CLANG_ENABLE_OBJC_ARC = YES;
				CLANG_ENABLE_OBJC_WEAK = YES;
				CLANG_WARN_BLOCK_CAPTURE_AUTORELEASING = YES;
				CLANG_WARN_BOOL_CONVERSION = YES;
				CLANG_WARN_COMMA = YES;
				CLANG_WARN_CONSTANT_CONVERSION = YES;
				CLANG_WARN_DEPRECATED_OBJC_IMPLEMENTATIONS = YES;
				CLANG_WARN_DIRECT_OBJC_ISA_USAGE = YES_ERROR;
				CLANG_WARN_DOCUMENTATION_COMMENTS = YES;
				CLANG_WARN_EMPTY_BODY = YES;
				CLANG_WARN_ENUM_CONVERSION = YES;
				CLANG_WARN_INFINITE_RECURSION = YES;
				CLANG_WARN_INT_CONVERSION = YES;
				CLANG_WARN_NON_LITERAL_NULL_CONVERSION = YES;
				CLANG_WARN_OBJC_IMPLICIT_RETAIN_SELF = YES;
				CLANG_WARN_OBJC_LITERAL_CONVERSION = YES;
				CLANG_WARN_OBJC_ROOT_CLASS = YES_ERROR;
				CLANG_WARN_QUOTED_INCLUDE_IN_FRAMEWORK_HEADER = YES;
				CLANG_WARN_RANGE_LOOP_ANALYSIS = YES;
				CLANG_WARN_STRICT_PROTOTYPES = YES;
				CLANG_WARN_SUSPICIOUS_MOVE = YES;
				CLANG_WARN_UNGUARDED_AVAILABILITY = YES_AGGRESSIVE;
				CLANG_WARN_UNREACHABLE_CODE = YES;
				CLANG_WARN__DUPLICATE_METHOD_MATCH = YES;
				COPY_PHASE_STRIP = NO;
				DEBUG_INFORMATION_FORMAT = dwarf;
				ENABLE_STRICT_OBJC_MSGSEND = YES;
				ENABLE_TESTABILITY = YES;
				ENABLE_USER_SCRIPT_SANDBOXING = YES;
				GCC_C_LANGUAGE_STANDARD = gnu17;
				GCC_DYNAMIC_NO_PIC = NO;
				GCC_NO_COMMON_BLOCKS = YES;
				GCC_OPTIMIZATION_LEVEL = 0;
				GCC_PREPROCESSOR_DEFINITIONS = (
					"DEBUG=1",
					"$(inherited)",
				);
				GCC_WARN_64_TO_32_BIT_CONVERSION = YES;
				GCC_WARN_ABOUT_RETURN_TYPE = YES_ERROR;
				GCC_WARN_UNDECLARED_SELECTOR = YES;
				GCC_WARN_UNINITIALIZED_AUTOS = YES_AGGRESSIVE;
				GCC_WARN_UNUSED_FUNCTION = YES;
				GCC_WARN_UNUSED_VARIABLE = YES;
				IPHONEOS_DEPLOYMENT_TARGET = 17.2;
				LOCALIZATION_PREFERS_STRING_CATALOGS = YES;
				MTL_ENABLE_DEBUG_INFO = INCLUDE_SOURCE;
				MTL_FAST_MATH = YES;
				ONLY_ACTIVE_ARCH = YES;
				SDKROOT = iphoneos;
				SWIFT_ACTIVE_COMPILATION_CONDITIONS = "DEBUG $(inherited)";
				SWIFT_OPTIMIZATION_LEVEL = "-Onone";
			};
			name = Debug;
		};
		63AC6BBD2BEAE8F2004EC50C /* Release */ = {
			isa = XCBuildConfiguration;
			buildSettings = {
				ALWAYS_SEARCH_USER_PATHS = NO;
				ASSETCATALOG_COMPILER_GENERATE_SWIFT_ASSET_SYMBOL_EXTENSIONS = YES;
				CLANG_ANALYZER_NONNULL = YES;
				CLANG_ANALYZER_NUMBER_OBJECT_CONVERSION = YES_AGGRESSIVE;
				CLANG_CXX_LANGUAGE_STANDARD = "gnu++20";
				CLANG_ENABLE_MODULES = YES;
				CLANG_ENABLE_OBJC_ARC = YES;
				CLANG_ENABLE_OBJC_WEAK = YES;
				CLANG_WARN_BLOCK_CAPTURE_AUTORELEASING = YES;
				CLANG_WARN_BOOL_CONVERSION = YES;
				CLANG_WARN_COMMA = YES;
				CLANG_WARN_CONSTANT_CONVERSION = YES;
				CLANG_WARN_DEPRECATED_OBJC_IMPLEMENTATIONS = YES;
				CLANG_WARN_DIRECT_OBJC_ISA_USAGE = YES_ERROR;
				CLANG_WARN_DOCUMENTATION_COMMENTS = YES;
				CLANG_WARN_EMPTY_BODY = YES;
				CLANG_WARN_ENUM_CONVERSION = YES;
				CLANG_WARN_INFINITE_RECURSION = YES;
				CLANG_WARN_INT_CONVERSION = YES;
				CLANG_WARN_NON_LITERAL_NULL_CONVERSION = YES;
				CLANG_WARN_OBJC_IMPLICIT_RETAIN_SELF = YES;
				CLANG_WARN_OBJC_LITERAL_CONVERSION = YES;
				CLANG_WARN_OBJC_ROOT_CLASS = YES_ERROR;
				CLANG_WARN_QUOTED_INCLUDE_IN_FRAMEWORK_HEADER = YES;
				CLANG_WARN_RANGE_LOOP_ANALYSIS = YES;
				CLANG_WARN_STRICT_PROTOTYPES = YES;
				CLANG_WARN_SUSPICIOUS_MOVE = YES;
				CLANG_WARN_UNGUARDED_AVAILABILITY = YES_AGGRESSIVE;
				CLANG_WARN_UNREACHABLE_CODE = YES;
				CLANG_WARN__DUPLICATE_METHOD_MATCH = YES;
				COPY_PHASE_STRIP = NO;
				DEBUG_INFORMATION_FORMAT = "dwarf-with-dsym";
				ENABLE_NS_ASSERTIONS = NO;
				ENABLE_STRICT_OBJC_MSGSEND = YES;
				ENABLE_USER_SCRIPT_SANDBOXING = YES;
				GCC_C_LANGUAGE_STANDARD = gnu17;
				GCC_NO_COMMON_BLOCKS = YES;
				GCC_WARN_64_TO_32_BIT_CONVERSION = YES;
				GCC_WARN_ABOUT_RETURN_TYPE = YES_ERROR;
				GCC_WARN_UNDECLARED_SELECTOR = YES;
				GCC_WARN_UNINITIALIZED_AUTOS = YES_AGGRESSIVE;
				GCC_WARN_UNUSED_FUNCTION = YES;
				GCC_WARN_UNUSED_VARIABLE = YES;
				IPHONEOS_DEPLOYMENT_TARGET = 17.2;
				LOCALIZATION_PREFERS_STRING_CATALOGS = YES;
				MTL_ENABLE_DEBUG_INFO = NO;
				MTL_FAST_MATH = YES;
				SDKROOT = iphoneos;
				SWIFT_COMPILATION_MODE = wholemodule;
				VALIDATE_PRODUCT = YES;
			};
			name = Release;
		};
		63AC6BBF2BEAE8F2004EC50C /* Debug */ = {
			isa = XCBuildConfiguration;
			buildSettings = {
				ASSETCATALOG_COMPILER_APPICON_NAME = AppIcon;
				ASSETCATALOG_COMPILER_GLOBAL_ACCENT_COLOR_NAME = AccentColor;
				CODE_SIGN_STYLE = Automatic;
				CURRENT_PROJECT_VERSION = 1;
				DEVELOPMENT_TEAM = ND6356Y385;
				GENERATE_INFOPLIST_FILE = YES;
				INFOPLIST_FILE = week4_ciu/Info.plist;
				INFOPLIST_KEY_UIApplicationSupportsIndirectInputEvents = YES;
				INFOPLIST_KEY_UILaunchStoryboardName = LaunchScreen;
				INFOPLIST_KEY_UISupportedInterfaceOrientations_iPad = "UIInterfaceOrientationPortrait UIInterfaceOrientationPortraitUpsideDown UIInterfaceOrientationLandscapeLeft UIInterfaceOrientationLandscapeRight";
				INFOPLIST_KEY_UISupportedInterfaceOrientations_iPhone = "UIInterfaceOrientationPortrait UIInterfaceOrientationLandscapeLeft UIInterfaceOrientationLandscapeRight";
				LD_RUNPATH_SEARCH_PATHS = (
					"$(inherited)",
					"@executable_path/Frameworks",
				);
				MARKETING_VERSION = 1.0;
				PRODUCT_BUNDLE_IDENTIFIER = "com.ciu.week4-ciu";
				PRODUCT_NAME = "$(TARGET_NAME)";
				SWIFT_EMIT_LOC_STRINGS = YES;
				SWIFT_VERSION = 5.0;
				TARGETED_DEVICE_FAMILY = "1,2";
			};
			name = Debug;
		};
		63AC6BC02BEAE8F2004EC50C /* Release */ = {
			isa = XCBuildConfiguration;
			buildSettings = {
				ASSETCATALOG_COMPILER_APPICON_NAME = AppIcon;
				ASSETCATALOG_COMPILER_GLOBAL_ACCENT_COLOR_NAME = AccentColor;
				CODE_SIGN_STYLE = Automatic;
				CURRENT_PROJECT_VERSION = 1;
				DEVELOPMENT_TEAM = ND6356Y385;
				GENERATE_INFOPLIST_FILE = YES;
				INFOPLIST_FILE = week4_ciu/Info.plist;
				INFOPLIST_KEY_UIApplicationSupportsIndirectInputEvents = YES;
				INFOPLIST_KEY_UILaunchStoryboardName = LaunchScreen;
				INFOPLIST_KEY_UISupportedInterfaceOrientations_iPad = "UIInterfaceOrientationPortrait UIInterfaceOrientationPortraitUpsideDown UIInterfaceOrientationLandscapeLeft UIInterfaceOrientationLandscapeRight";
				INFOPLIST_KEY_UISupportedInterfaceOrientations_iPhone = "UIInterfaceOrientationPortrait UIInterfaceOrientationLandscapeLeft UIInterfaceOrientationLandscapeRight";
				LD_RUNPATH_SEARCH_PATHS = (
					"$(inherited)",
					"@executable_path/Frameworks",
				);
				MARKETING_VERSION = 1.0;
				PRODUCT_BUNDLE_IDENTIFIER = "com.ciu.week4-ciu";
				PRODUCT_NAME = "$(TARGET_NAME)";
				SWIFT_EMIT_LOC_STRINGS = YES;
				SWIFT_VERSION = 5.0;
				TARGETED_DEVICE_FAMILY = "1,2";
			};
			name = Release;
		};
/* End XCBuildConfiguration section */

/* Begin XCConfigurationList section */
		63AC6BA52BEAE8F0004EC50C /* Build configuration list for PBXProject "week4_ciu" */ = {
			isa = XCConfigurationList;
			buildConfigurations = (
				63AC6BBC2BEAE8F2004EC50C /* Debug */,
				63AC6BBD2BEAE8F2004EC50C /* Release */,
			);
			defaultConfigurationIsVisible = 0;
			defaultConfigurationName = Release;
		};
		63AC6BBE2BEAE8F2004EC50C /* Build configuration list for PBXNativeTarget "week4_ciu" */ = {
			isa = XCConfigurationList;
			buildConfigurations = (
				63AC6BBF2BEAE8F2004EC50C /* Debug */,
				63AC6BC02BEAE8F2004EC50C /* Release */,
			);
			defaultConfigurationIsVisible = 0;
			defaultConfigurationName = Release;
		};
/* End XCConfigurationList section */

/* Begin XCRemoteSwiftPackageReference section */
		63AC6BC92BF08E63004EC50C /* XCRemoteSwiftPackageReference "SnapKit" */ = {
			isa = XCRemoteSwiftPackageReference;
			repositoryURL = "https://github.com/SnapKit/SnapKit";
			requirement = {
				kind = upToNextMajorVersion;
				minimumVersion = 5.7.1;
			};
		};
/* End XCRemoteSwiftPackageReference section */

/* Begin XCSwiftPackageProductDependency section */
		63AC6BCA2BF08E63004EC50C /* SnapKit */ = {
			isa = XCSwiftPackageProductDependency;
			package = 63AC6BC92BF08E63004EC50C /* XCRemoteSwiftPackageReference "SnapKit" */;
			productName = SnapKit;
		};
		63AC6BCC2BF08E63004EC50C /* SnapKit-Dynamic */ = {
			isa = XCSwiftPackageProductDependency;
			package = 63AC6BC92BF08E63004EC50C /* XCRemoteSwiftPackageReference "SnapKit" */;
			productName = "SnapKit-Dynamic";
		};
/* End XCSwiftPackageProductDependency section */
	};
	rootObject = 63AC6BA22BEAE8F0004EC50C /* Project object */;
}
